
Microsoft Visual Studio Solution File, Format Version 12.00
# Visual Studio Version 16
VisualStudioVersion = 16.0.28803.202
MinimumVisualStudioVersion = 10.0.40219.1
Project("{9A19103F-16F7-4668-BE54-9A1E7A4F7556}") = "PhilipDaubmeier.SmarthomeApi", "PhilipDaubmeier.SmarthomeApi\PhilipDaubmeier.SmarthomeApi.csproj", "{957D571E-8C81-4E83-9AA6-4AB1948630AA}"
EndProject
Project("{9A19103F-16F7-4668-BE54-9A1E7A4F7556}") = "PhilipDaubmeier.CompactTimeSeries.Tests", "PhilipDaubmeier.CompactTimeSeries.Tests\PhilipDaubmeier.CompactTimeSeries.Tests.csproj", "{1E81426A-B0AE-478A-8393-8F7F105DE13A}"
EndProject
Project("{9A19103F-16F7-4668-BE54-9A1E7A4F7556}") = "PhilipDaubmeier.CompactTimeSeries", "PhilipDaubmeier.CompactTimeSeries\PhilipDaubmeier.CompactTimeSeries.csproj", "{82F35B1B-A22D-4DE5-9061-4447437E2C37}"
EndProject
Project("{9A19103F-16F7-4668-BE54-9A1E7A4F7556}") = "PhilipDaubmeier.DigitalstromClient", "PhilipDaubmeier.DigitalstromClient\PhilipDaubmeier.DigitalstromClient.csproj", "{972E5075-0C6C-4221-BA2A-FEDE04EEE59B}"
EndProject
Project("{9A19103F-16F7-4668-BE54-9A1E7A4F7556}") = "PhilipDaubmeier.DigitalstromClient.Tests", "PhilipDaubmeier.DigitalstromClient.Tests\PhilipDaubmeier.DigitalstromClient.Tests.csproj", "{DEC5ADC0-EF92-4DB2-A5AF-45A61A17D658}"
EndProject
Project("{9A19103F-16F7-4668-BE54-9A1E7A4F7556}") = "PhilipDaubmeier.TokenStore", "PhilipDaubmeier.TokenStore\PhilipDaubmeier.TokenStore.csproj", "{23B1AD86-174D-47F7-BA28-26598CE76A7A}"
EndProject
Project("{9A19103F-16F7-4668-BE54-9A1E7A4F7556}") = "PhilipDaubmeier.TimeseriesHostCommon", "PhilipDaubmeier.TimeseriesHostCommon\PhilipDaubmeier.TimeseriesHostCommon.csproj", "{F2FB1080-D7E7-4F7A-AFA8-61922BAC0637}"
EndProject
Project("{9A19103F-16F7-4668-BE54-9A1E7A4F7556}") = "PhilipDaubmeier.DigitalstromHost", "PhilipDaubmeier.DigitalstromHost\PhilipDaubmeier.DigitalstromHost.csproj", "{048F4390-6981-49AA-AC7B-CFEEB8100B45}"
EndProject
Project("{2150E333-8FDC-42A3-9474-1A3956D46DE8}") = "Common", "Common", "{C7CE2B7C-9302-4960-88B2-8EB380247CB8}"
EndProject
Project("{2150E333-8FDC-42A3-9474-1A3956D46DE8}") = "HostsClients", "HostsClients", "{BACF690E-BFC9-4008-9831-FFBA91968BB9}"
EndProject
Project("{2150E333-8FDC-42A3-9474-1A3956D46DE8}") = "MainWebserver", "MainWebserver", "{65C89DCA-5096-479C-82F3-F33BF729FDE5}"
EndProject
Project("{9A19103F-16F7-4668-BE54-9A1E7A4F7556}") = "PhilipDaubmeier.CalendarHost", "PhilipDaubmeier.CalendarHost\PhilipDaubmeier.CalendarHost.csproj", "{C2A0FD73-6024-45B7-A69F-671D9F81374D}"
EndProject
Project("{9A19103F-16F7-4668-BE54-9A1E7A4F7556}") = "PhilipDaubmeier.ViessmannClient", "PhilipDaubmeier.ViessmannClient\PhilipDaubmeier.ViessmannClient.csproj", "{22BF5CFE-BDF0-474E-935B-6E52D9670C0D}"
EndProject
Project("{9A19103F-16F7-4668-BE54-9A1E7A4F7556}") = "PhilipDaubmeier.ViessmannHost", "PhilipDaubmeier.ViessmannHost\PhilipDaubmeier.ViessmannHost.csproj", "{6478BBDD-6579-44D8-AED1-E3524743B4F5}"
EndProject
Project("{9A19103F-16F7-4668-BE54-9A1E7A4F7556}") = "PhilipDaubmeier.DigitalstromTimeSeriesApi", "PhilipDaubmeier.DigitalstromTimeSeriesApi\PhilipDaubmeier.DigitalstromTimeSeriesApi.csproj", "{93ABD061-9584-4B7B-B8FB-E1A9EAC40F7E}"
EndProject
Project("{9A19103F-16F7-4668-BE54-9A1E7A4F7556}") = "PhilipDaubmeier.TokenStore.Tests", "PhilipDaubmeier.TokenStore.Tests\PhilipDaubmeier.TokenStore.Tests.csproj", "{E22B7F48-F3B0-4187-8C18-D5430DD2F413}"
EndProject
Project("{9A19103F-16F7-4668-BE54-9A1E7A4F7556}") = "PhilipDaubmeier.TimeseriesHostCommon.Tests", "PhilipDaubmeier.TimeseriesHostCommon.Tests\PhilipDaubmeier.TimeseriesHostCommon.Tests.csproj", "{B13144EA-FE45-423E-960D-7E1F5BF12987}"
EndProject
Project("{9A19103F-16F7-4668-BE54-9A1E7A4F7556}") = "PhilipDaubmeier.DigitalstromClientConsole", "PhilipDaubmeier.DigitalstromClientConsole\PhilipDaubmeier.DigitalstromClientConsole.csproj", "{BA710090-A7D1-4DD8-8F9C-012B8F82EF4E}"
EndProject
Project("{9A19103F-16F7-4668-BE54-9A1E7A4F7556}") = "PhilipDaubmeier.DigitalstromHost.Tests", "PhilipDaubmeier.DigitalstromHost.Tests\PhilipDaubmeier.DigitalstromHost.Tests.csproj", "{3079544A-CA40-4C79-96DE-A2766F12C305}"
EndProject
Project("{9A19103F-16F7-4668-BE54-9A1E7A4F7556}") = "PhilipDaubmeier.DigitalstromDssMock", "PhilipDaubmeier.DigitalstromDssMock\PhilipDaubmeier.DigitalstromDssMock.csproj", "{D755D53F-1A2F-48CC-8F8D-421043BD42D4}"
EndProject
Project("{9A19103F-16F7-4668-BE54-9A1E7A4F7556}") = "PhilipDaubmeier.DigitalstromTwin", "PhilipDaubmeier.DigitalstromTwin\PhilipDaubmeier.DigitalstromTwin.csproj", "{81C52A27-8199-4714-8313-224BB11FCF1A}"
EndProject
Project("{9A19103F-16F7-4668-BE54-9A1E7A4F7556}") = "PhilipDaubmeier.DigitalstromTwin.Tests", "PhilipDaubmeier.DigitalstromTwin.Tests\PhilipDaubmeier.DigitalstromTwin.Tests.csproj", "{C643615D-AB84-454A-8A45-B08C6C4D40C8}"
EndProject
Project("{FAE04EC0-301F-11D3-BF4B-00C04F79EFBC}") = "PhilipDaubmeier.SonnenClient", "PhilipDaubmeier.SonnenClient\PhilipDaubmeier.SonnenClient.csproj", "{B8E56034-B4F7-4FA9-B7A8-57746C360062}"
EndProject
Global
	GlobalSection(SolutionConfigurationPlatforms) = preSolution
		Debug|Any CPU = Debug|Any CPU
		Release|Any CPU = Release|Any CPU
	EndGlobalSection
	GlobalSection(ProjectConfigurationPlatforms) = postSolution
		{957D571E-8C81-4E83-9AA6-4AB1948630AA}.Debug|Any CPU.ActiveCfg = Debug|Any CPU
		{957D571E-8C81-4E83-9AA6-4AB1948630AA}.Debug|Any CPU.Build.0 = Debug|Any CPU
		{957D571E-8C81-4E83-9AA6-4AB1948630AA}.Release|Any CPU.ActiveCfg = Release|Any CPU
		{957D571E-8C81-4E83-9AA6-4AB1948630AA}.Release|Any CPU.Build.0 = Release|Any CPU
		{1E81426A-B0AE-478A-8393-8F7F105DE13A}.Debug|Any CPU.ActiveCfg = Debug|Any CPU
		{1E81426A-B0AE-478A-8393-8F7F105DE13A}.Debug|Any CPU.Build.0 = Debug|Any CPU
		{1E81426A-B0AE-478A-8393-8F7F105DE13A}.Release|Any CPU.ActiveCfg = Release|Any CPU
		{1E81426A-B0AE-478A-8393-8F7F105DE13A}.Release|Any CPU.Build.0 = Release|Any CPU
		{82F35B1B-A22D-4DE5-9061-4447437E2C37}.Debug|Any CPU.ActiveCfg = Debug|Any CPU
		{82F35B1B-A22D-4DE5-9061-4447437E2C37}.Debug|Any CPU.Build.0 = Debug|Any CPU
		{82F35B1B-A22D-4DE5-9061-4447437E2C37}.Release|Any CPU.ActiveCfg = Release|Any CPU
		{82F35B1B-A22D-4DE5-9061-4447437E2C37}.Release|Any CPU.Build.0 = Release|Any CPU
		{972E5075-0C6C-4221-BA2A-FEDE04EEE59B}.Debug|Any CPU.ActiveCfg = Debug|Any CPU
		{972E5075-0C6C-4221-BA2A-FEDE04EEE59B}.Debug|Any CPU.Build.0 = Debug|Any CPU
		{972E5075-0C6C-4221-BA2A-FEDE04EEE59B}.Release|Any CPU.ActiveCfg = Release|Any CPU
		{972E5075-0C6C-4221-BA2A-FEDE04EEE59B}.Release|Any CPU.Build.0 = Release|Any CPU
		{DEC5ADC0-EF92-4DB2-A5AF-45A61A17D658}.Debug|Any CPU.ActiveCfg = Debug|Any CPU
		{DEC5ADC0-EF92-4DB2-A5AF-45A61A17D658}.Debug|Any CPU.Build.0 = Debug|Any CPU
		{DEC5ADC0-EF92-4DB2-A5AF-45A61A17D658}.Release|Any CPU.ActiveCfg = Release|Any CPU
		{DEC5ADC0-EF92-4DB2-A5AF-45A61A17D658}.Release|Any CPU.Build.0 = Release|Any CPU
		{23B1AD86-174D-47F7-BA28-26598CE76A7A}.Debug|Any CPU.ActiveCfg = Debug|Any CPU
		{23B1AD86-174D-47F7-BA28-26598CE76A7A}.Debug|Any CPU.Build.0 = Debug|Any CPU
		{23B1AD86-174D-47F7-BA28-26598CE76A7A}.Release|Any CPU.ActiveCfg = Release|Any CPU
		{23B1AD86-174D-47F7-BA28-26598CE76A7A}.Release|Any CPU.Build.0 = Release|Any CPU
		{F2FB1080-D7E7-4F7A-AFA8-61922BAC0637}.Debug|Any CPU.ActiveCfg = Debug|Any CPU
		{F2FB1080-D7E7-4F7A-AFA8-61922BAC0637}.Debug|Any CPU.Build.0 = Debug|Any CPU
		{F2FB1080-D7E7-4F7A-AFA8-61922BAC0637}.Release|Any CPU.ActiveCfg = Release|Any CPU
		{F2FB1080-D7E7-4F7A-AFA8-61922BAC0637}.Release|Any CPU.Build.0 = Release|Any CPU
		{048F4390-6981-49AA-AC7B-CFEEB8100B45}.Debug|Any CPU.ActiveCfg = Debug|Any CPU
		{048F4390-6981-49AA-AC7B-CFEEB8100B45}.Debug|Any CPU.Build.0 = Debug|Any CPU
		{048F4390-6981-49AA-AC7B-CFEEB8100B45}.Release|Any CPU.ActiveCfg = Release|Any CPU
		{048F4390-6981-49AA-AC7B-CFEEB8100B45}.Release|Any CPU.Build.0 = Release|Any CPU
		{C2A0FD73-6024-45B7-A69F-671D9F81374D}.Debug|Any CPU.ActiveCfg = Debug|Any CPU
		{C2A0FD73-6024-45B7-A69F-671D9F81374D}.Debug|Any CPU.Build.0 = Debug|Any CPU
		{C2A0FD73-6024-45B7-A69F-671D9F81374D}.Release|Any CPU.ActiveCfg = Release|Any CPU
		{C2A0FD73-6024-45B7-A69F-671D9F81374D}.Release|Any CPU.Build.0 = Release|Any CPU
		{22BF5CFE-BDF0-474E-935B-6E52D9670C0D}.Debug|Any CPU.ActiveCfg = Debug|Any CPU
		{22BF5CFE-BDF0-474E-935B-6E52D9670C0D}.Debug|Any CPU.Build.0 = Debug|Any CPU
		{22BF5CFE-BDF0-474E-935B-6E52D9670C0D}.Release|Any CPU.ActiveCfg = Release|Any CPU
		{22BF5CFE-BDF0-474E-935B-6E52D9670C0D}.Release|Any CPU.Build.0 = Release|Any CPU
		{6478BBDD-6579-44D8-AED1-E3524743B4F5}.Debug|Any CPU.ActiveCfg = Debug|Any CPU
		{6478BBDD-6579-44D8-AED1-E3524743B4F5}.Debug|Any CPU.Build.0 = Debug|Any CPU
		{6478BBDD-6579-44D8-AED1-E3524743B4F5}.Release|Any CPU.ActiveCfg = Release|Any CPU
		{6478BBDD-6579-44D8-AED1-E3524743B4F5}.Release|Any CPU.Build.0 = Release|Any CPU
		{93ABD061-9584-4B7B-B8FB-E1A9EAC40F7E}.Debug|Any CPU.ActiveCfg = Debug|Any CPU
		{93ABD061-9584-4B7B-B8FB-E1A9EAC40F7E}.Debug|Any CPU.Build.0 = Debug|Any CPU
		{93ABD061-9584-4B7B-B8FB-E1A9EAC40F7E}.Release|Any CPU.ActiveCfg = Release|Any CPU
		{93ABD061-9584-4B7B-B8FB-E1A9EAC40F7E}.Release|Any CPU.Build.0 = Release|Any CPU
		{E22B7F48-F3B0-4187-8C18-D5430DD2F413}.Debug|Any CPU.ActiveCfg = Debug|Any CPU
		{E22B7F48-F3B0-4187-8C18-D5430DD2F413}.Debug|Any CPU.Build.0 = Debug|Any CPU
		{E22B7F48-F3B0-4187-8C18-D5430DD2F413}.Release|Any CPU.ActiveCfg = Release|Any CPU
		{E22B7F48-F3B0-4187-8C18-D5430DD2F413}.Release|Any CPU.Build.0 = Release|Any CPU
		{B13144EA-FE45-423E-960D-7E1F5BF12987}.Debug|Any CPU.ActiveCfg = Debug|Any CPU
		{B13144EA-FE45-423E-960D-7E1F5BF12987}.Debug|Any CPU.Build.0 = Debug|Any CPU
		{B13144EA-FE45-423E-960D-7E1F5BF12987}.Release|Any CPU.ActiveCfg = Release|Any CPU
		{B13144EA-FE45-423E-960D-7E1F5BF12987}.Release|Any CPU.Build.0 = Release|Any CPU
		{BA710090-A7D1-4DD8-8F9C-012B8F82EF4E}.Debug|Any CPU.ActiveCfg = Debug|Any CPU
		{BA710090-A7D1-4DD8-8F9C-012B8F82EF4E}.Debug|Any CPU.Build.0 = Debug|Any CPU
		{BA710090-A7D1-4DD8-8F9C-012B8F82EF4E}.Release|Any CPU.ActiveCfg = Release|Any CPU
		{BA710090-A7D1-4DD8-8F9C-012B8F82EF4E}.Release|Any CPU.Build.0 = Release|Any CPU
		{3079544A-CA40-4C79-96DE-A2766F12C305}.Debug|Any CPU.ActiveCfg = Debug|Any CPU
		{3079544A-CA40-4C79-96DE-A2766F12C305}.Debug|Any CPU.Build.0 = Debug|Any CPU
		{3079544A-CA40-4C79-96DE-A2766F12C305}.Release|Any CPU.ActiveCfg = Release|Any CPU
		{3079544A-CA40-4C79-96DE-A2766F12C305}.Release|Any CPU.Build.0 = Release|Any CPU
		{D755D53F-1A2F-48CC-8F8D-421043BD42D4}.Debug|Any CPU.ActiveCfg = Debug|Any CPU
		{D755D53F-1A2F-48CC-8F8D-421043BD42D4}.Debug|Any CPU.Build.0 = Debug|Any CPU
		{D755D53F-1A2F-48CC-8F8D-421043BD42D4}.Release|Any CPU.ActiveCfg = Release|Any CPU
		{D755D53F-1A2F-48CC-8F8D-421043BD42D4}.Release|Any CPU.Build.0 = Release|Any CPU
		{81C52A27-8199-4714-8313-224BB11FCF1A}.Debug|Any CPU.ActiveCfg = Debug|Any CPU
		{81C52A27-8199-4714-8313-224BB11FCF1A}.Debug|Any CPU.Build.0 = Debug|Any CPU
		{81C52A27-8199-4714-8313-224BB11FCF1A}.Release|Any CPU.ActiveCfg = Release|Any CPU
		{81C52A27-8199-4714-8313-224BB11FCF1A}.Release|Any CPU.Build.0 = Release|Any CPU
		{C643615D-AB84-454A-8A45-B08C6C4D40C8}.Debug|Any CPU.ActiveCfg = Debug|Any CPU
		{C643615D-AB84-454A-8A45-B08C6C4D40C8}.Debug|Any CPU.Build.0 = Debug|Any CPU
		{C643615D-AB84-454A-8A45-B08C6C4D40C8}.Release|Any CPU.ActiveCfg = Release|Any CPU
		{C643615D-AB84-454A-8A45-B08C6C4D40C8}.Release|Any CPU.Build.0 = Release|Any CPU
		{B8E56034-B4F7-4FA9-B7A8-57746C360062}.Debug|Any CPU.ActiveCfg = Debug|Any CPU
		{B8E56034-B4F7-4FA9-B7A8-57746C360062}.Debug|Any CPU.Build.0 = Debug|Any CPU
		{B8E56034-B4F7-4FA9-B7A8-57746C360062}.Release|Any CPU.ActiveCfg = Release|Any CPU
		{B8E56034-B4F7-4FA9-B7A8-57746C360062}.Release|Any CPU.Build.0 = Release|Any CPU
	EndGlobalSection
	GlobalSection(SolutionProperties) = preSolution
		HideSolutionNode = FALSE
	EndGlobalSection
	GlobalSection(NestedProjects) = preSolution
		{957D571E-8C81-4E83-9AA6-4AB1948630AA} = {65C89DCA-5096-479C-82F3-F33BF729FDE5}
		{1E81426A-B0AE-478A-8393-8F7F105DE13A} = {C7CE2B7C-9302-4960-88B2-8EB380247CB8}
		{82F35B1B-A22D-4DE5-9061-4447437E2C37} = {C7CE2B7C-9302-4960-88B2-8EB380247CB8}
		{972E5075-0C6C-4221-BA2A-FEDE04EEE59B} = {BACF690E-BFC9-4008-9831-FFBA91968BB9}
		{DEC5ADC0-EF92-4DB2-A5AF-45A61A17D658} = {BACF690E-BFC9-4008-9831-FFBA91968BB9}
		{23B1AD86-174D-47F7-BA28-26598CE76A7A} = {C7CE2B7C-9302-4960-88B2-8EB380247CB8}
		{F2FB1080-D7E7-4F7A-AFA8-61922BAC0637} = {C7CE2B7C-9302-4960-88B2-8EB380247CB8}
		{048F4390-6981-49AA-AC7B-CFEEB8100B45} = {BACF690E-BFC9-4008-9831-FFBA91968BB9}
		{C2A0FD73-6024-45B7-A69F-671D9F81374D} = {BACF690E-BFC9-4008-9831-FFBA91968BB9}
		{22BF5CFE-BDF0-474E-935B-6E52D9670C0D} = {BACF690E-BFC9-4008-9831-FFBA91968BB9}
		{6478BBDD-6579-44D8-AED1-E3524743B4F5} = {BACF690E-BFC9-4008-9831-FFBA91968BB9}
		{93ABD061-9584-4B7B-B8FB-E1A9EAC40F7E} = {65C89DCA-5096-479C-82F3-F33BF729FDE5}
		{E22B7F48-F3B0-4187-8C18-D5430DD2F413} = {C7CE2B7C-9302-4960-88B2-8EB380247CB8}
		{B13144EA-FE45-423E-960D-7E1F5BF12987} = {C7CE2B7C-9302-4960-88B2-8EB380247CB8}
		{BA710090-A7D1-4DD8-8F9C-012B8F82EF4E} = {BACF690E-BFC9-4008-9831-FFBA91968BB9}
		{3079544A-CA40-4C79-96DE-A2766F12C305} = {BACF690E-BFC9-4008-9831-FFBA91968BB9}
		{D755D53F-1A2F-48CC-8F8D-421043BD42D4} = {BACF690E-BFC9-4008-9831-FFBA91968BB9}
		{81C52A27-8199-4714-8313-224BB11FCF1A} = {BACF690E-BFC9-4008-9831-FFBA91968BB9}
		{C643615D-AB84-454A-8A45-B08C6C4D40C8} = {BACF690E-BFC9-4008-9831-FFBA91968BB9}
		{B8E56034-B4F7-4FA9-B7A8-57746C360062} = {BACF690E-BFC9-4008-9831-FFBA91968BB9}
	EndGlobalSection
	GlobalSection(ExtensibilityGlobals) = postSolution
		SolutionGuid = {CE7F4465-E461-40BE-AFCE-AF6E36AFBF5F}
	EndGlobalSection
	GlobalSection(TeamFoundationVersionControl) = preSolution
		SccNumberOfProjects = 21
		SccEnterpriseProvider = {4CA58AB2-18FA-4F8D-95D4-32DDF27D184C}
		SccTeamFoundationServer = https://philipdaubmeier.visualstudio.com/
		SccLocalPath0 = .
		SccProjectUniqueName1 = PhilipDaubmeier.SmarthomeApi\\PhilipDaubmeier.SmarthomeApi.csproj
		SccProjectTopLevelParentUniqueName1 = PhilipDaubmeier.SmarthomeApi.sln
		SccProjectName1 = PhilipDaubmeier.SmarthomeApi
		SccLocalPath1 = PhilipDaubmeier.SmarthomeApi
		SccProjectUniqueName2 = PhilipDaubmeier.CompactTimeSeries.Tests\\PhilipDaubmeier.CompactTimeSeries.Tests.csproj
		SccProjectTopLevelParentUniqueName2 = PhilipDaubmeier.SmarthomeApi.sln
		SccProjectName2 = PhilipDaubmeier.CompactTimeSeries.Tests
		SccLocalPath2 = PhilipDaubmeier.CompactTimeSeries.Tests
		SccProjectUniqueName3 = PhilipDaubmeier.CompactTimeSeries\\PhilipDaubmeier.CompactTimeSeries.csproj
		SccProjectTopLevelParentUniqueName3 = PhilipDaubmeier.SmarthomeApi.sln
		SccProjectName3 = PhilipDaubmeier.CompactTimeSeries
		SccLocalPath3 = PhilipDaubmeier.CompactTimeSeries
		SccProjectUniqueName4 = PhilipDaubmeier.DigitalstromClient\\PhilipDaubmeier.DigitalstromClient.csproj
		SccProjectTopLevelParentUniqueName4 = PhilipDaubmeier.SmarthomeApi.sln
		SccProjectName4 = PhilipDaubmeier.DigitalstromClient
		SccLocalPath4 = PhilipDaubmeier.DigitalstromClient
		SccProjectUniqueName5 = PhilipDaubmeier.DigitalstromClient.Tests\\PhilipDaubmeier.DigitalstromClient.Tests.csproj
		SccProjectTopLevelParentUniqueName5 = PhilipDaubmeier.SmarthomeApi.sln
		SccProjectName5 = PhilipDaubmeier.DigitalstromClient.Tests
		SccLocalPath5 = PhilipDaubmeier.DigitalstromClient.Tests
		SccProjectUniqueName6 = PhilipDaubmeier.TokenStore\\PhilipDaubmeier.TokenStore.csproj
		SccProjectTopLevelParentUniqueName6 = PhilipDaubmeier.SmarthomeApi.sln
		SccProjectName6 = PhilipDaubmeier.TokenStore
		SccLocalPath6 = PhilipDaubmeier.TokenStore
		SccProjectUniqueName7 = PhilipDaubmeier.TimeseriesHostCommon\\PhilipDaubmeier.TimeseriesHostCommon.csproj
		SccProjectTopLevelParentUniqueName7 = PhilipDaubmeier.SmarthomeApi.sln
		SccProjectName7 = PhilipDaubmeier.TimeseriesHostCommon
		SccLocalPath7 = PhilipDaubmeier.TimeseriesHostCommon
		SccProjectUniqueName8 = PhilipDaubmeier.DigitalstromHost\\PhilipDaubmeier.DigitalstromHost.csproj
		SccProjectTopLevelParentUniqueName8 = PhilipDaubmeier.SmarthomeApi.sln
		SccProjectName8 = PhilipDaubmeier.DigitalstromHost
		SccLocalPath8 = PhilipDaubmeier.DigitalstromHost
		SccProjectUniqueName9 = PhilipDaubmeier.CalendarHost\\PhilipDaubmeier.CalendarHost.csproj
		SccProjectTopLevelParentUniqueName9 = PhilipDaubmeier.SmarthomeApi.sln
		SccProjectName9 = PhilipDaubmeier.CalendarHost
		SccLocalPath9 = PhilipDaubmeier.CalendarHost
		SccProjectUniqueName10 = PhilipDaubmeier.ViessmannClient\\PhilipDaubmeier.ViessmannClient.csproj
		SccProjectTopLevelParentUniqueName10 = PhilipDaubmeier.SmarthomeApi.sln
		SccProjectName10 = PhilipDaubmeier.ViessmannClient
		SccLocalPath10 = PhilipDaubmeier.ViessmannClient
		SccProjectUniqueName11 = PhilipDaubmeier.ViessmannHost\\PhilipDaubmeier.ViessmannHost.csproj
		SccProjectTopLevelParentUniqueName11 = PhilipDaubmeier.SmarthomeApi.sln
		SccProjectName11 = PhilipDaubmeier.ViessmannHost
		SccLocalPath11 = PhilipDaubmeier.ViessmannHost
		SccProjectUniqueName12 = PhilipDaubmeier.DigitalstromTimeSeriesApi\\PhilipDaubmeier.DigitalstromTimeSeriesApi.csproj
		SccProjectTopLevelParentUniqueName12 = PhilipDaubmeier.SmarthomeApi.sln
		SccProjectName12 = PhilipDaubmeier.DigitalstromTimeSeriesApi
		SccLocalPath12 = PhilipDaubmeier.DigitalstromTimeSeriesApi
		SccProjectUniqueName13 = PhilipDaubmeier.TokenStore.Tests\\PhilipDaubmeier.TokenStore.Tests.csproj
		SccProjectTopLevelParentUniqueName13 = PhilipDaubmeier.SmarthomeApi.sln
		SccProjectName13 = PhilipDaubmeier.TokenStore.Tests
		SccLocalPath13 = PhilipDaubmeier.TokenStore.Tests
		SccProjectUniqueName14 = PhilipDaubmeier.TimeseriesHostCommon.Tests\\PhilipDaubmeier.TimeseriesHostCommon.Tests.csproj
		SccProjectTopLevelParentUniqueName14 = PhilipDaubmeier.SmarthomeApi.sln
		SccProjectName14 = PhilipDaubmeier.TimeseriesHostCommon.Tests
		SccLocalPath14 = PhilipDaubmeier.TimeseriesHostCommon.Tests
		SccProjectUniqueName15 = PhilipDaubmeier.DigitalstromClientConsole\\PhilipDaubmeier.DigitalstromClientConsole.csproj
		SccProjectTopLevelParentUniqueName15 = PhilipDaubmeier.SmarthomeApi.sln
		SccProjectName15 = PhilipDaubmeier.DigitalstromClientConsole
		SccLocalPath15 = PhilipDaubmeier.DigitalstromClientConsole
		SccProjectUniqueName16 = PhilipDaubmeier.DigitalstromHost.Tests\\PhilipDaubmeier.DigitalstromHost.Tests.csproj
		SccProjectTopLevelParentUniqueName16 = PhilipDaubmeier.SmarthomeApi.sln
		SccProjectName16 = PhilipDaubmeier.DigitalstromHost.Tests
		SccLocalPath16 = PhilipDaubmeier.DigitalstromHost.Tests
		SccProjectUniqueName17 = PhilipDaubmeier.DigitalstromDssMock\\PhilipDaubmeier.DigitalstromDssMock.csproj
		SccProjectTopLevelParentUniqueName17 = PhilipDaubmeier.SmarthomeApi.sln
		SccProjectName17 = PhilipDaubmeier.DigitalstromDssMock
		SccLocalPath17 = PhilipDaubmeier.DigitalstromDssMock
		SccProjectUniqueName18 = PhilipDaubmeier.DigitalstromTwin\\PhilipDaubmeier.DigitalstromTwin.csproj
		SccProjectTopLevelParentUniqueName18 = PhilipDaubmeier.SmarthomeApi.sln
		SccProjectName18 = PhilipDaubmeier.DigitalstromTwin
		SccLocalPath18 = PhilipDaubmeier.DigitalstromTwin
		SccProjectUniqueName19 = PhilipDaubmeier.DigitalstromTwin.Tests\\PhilipDaubmeier.DigitalstromTwin.Tests.csproj
		SccProjectTopLevelParentUniqueName19 = PhilipDaubmeier.SmarthomeApi.sln
		SccProjectName19 = PhilipDaubmeier.DigitalstromTwin.Tests
		SccLocalPath19 = PhilipDaubmeier.DigitalstromTwin.Tests
		SccProjectUniqueName20 = PhilipDaubmeier.SonnenClient\\PhilipDaubmeier.SonnenClient.csproj
		SccProjectTopLevelParentUniqueName20 = PhilipDaubmeier.SmarthomeApi.sln
		SccProjectName20 = PhilipDaubmeier.SonnenClient
		SccLocalPath20 = PhilipDaubmeier.SonnenClient
	EndGlobalSection
EndGlobal
