
Microsoft Visual Studio Solution File, Format Version 12.00
# Visual Studio 15
VisualStudioVersion = 15.0.27703.2000
MinimumVisualStudioVersion = 10.0.40219.1
Project("{FAE04EC0-301F-11D3-BF4B-00C04F79EFBC}") = "SmarthomeApi", "SmarthomeApi\SmarthomeApi.csproj", "{957D571E-8C81-4E83-9AA6-4AB1948630AA}"
EndProject
Global
	GlobalSection(SolutionConfigurationPlatforms) = preSolution
		Debug|Any CPU = Debug|Any CPU
		Release|Any CPU = Release|Any CPU
	EndGlobalSection
	GlobalSection(ProjectConfigurationPlatforms) = postSolution
		{957D571E-8C81-4E83-9AA6-4AB1948630AA}.Debug|Any CPU.ActiveCfg = Debug|Any CPU
		{957D571E-8C81-4E83-9AA6-4AB1948630AA}.Debug|Any CPU.Build.0 = Debug|Any CPU
		{957D571E-8C81-4E83-9AA6-4AB1948630AA}.Release|Any CPU.ActiveCfg = Release|Any CPU
		{957D571E-8C81-4E83-9AA6-4AB1948630AA}.Release|Any CPU.Build.0 = Release|Any CPU
	EndGlobalSection
	GlobalSection(SolutionProperties) = preSolution
		HideSolutionNode = FALSE
	EndGlobalSection
	GlobalSection(ExtensibilityGlobals) = postSolution
		SolutionGuid = {CE7F4465-E461-40BE-AFCE-AF6E36AFBF5F}
	EndGlobalSection
	GlobalSection(TeamFoundationVersionControl) = preSolution
		SccNumberOfProjects = 2
		SccEnterpriseProvider = {4CA58AB2-18FA-4F8D-95D4-32DDF27D184C}
		SccTeamFoundationServer = https://philipdaubmeier.visualstudio.com/
		SccLocalPath0 = .
		SccProjectUniqueName1 = SmarthomeApi\\SmarthomeApi.csproj
		SccProjectName1 = SmarthomeApi
		SccLocalPath1 = SmarthomeApi
	EndGlobalSection
EndGlobal
