
Microsoft Visual Studio Solution File, Format Version 12.00
# Visual Studio Version 16
VisualStudioVersion = 16.0.28803.202
MinimumVisualStudioVersion = 10.0.40219.1
Project("{2150E333-8FDC-42A3-9474-1A3956D46DE8}") = "Common", "Common", "{C7CE2B7C-9302-4960-88B2-8EB380247CB8}"
EndProject
Project("{2150E333-8FDC-42A3-9474-1A3956D46DE8}") = "Documentation", "Documentation", "{13E7D5AF-A3B6-4092-B26E-9E99F0A8AE64}"
EndProject
Project("{2150E333-8FDC-42A3-9474-1A3956D46DE8}") = "HostsClients", "HostsClients", "{BACF690E-BFC9-4008-9831-FFBA91968BB9}"
EndProject
Project("{2150E333-8FDC-42A3-9474-1A3956D46DE8}") = "Examples", "Examples", "{C3157849-77E5-4E59-9F7F-2AAF51AF4675}"
EndProject
Project("{2150E333-8FDC-42A3-9474-1A3956D46DE8}") = "MainWebserver", "MainWebserver", "{65C89DCA-5096-479C-82F3-F33BF729FDE5}"
EndProject
Project("{E24C65DC-7377-472B-9ABA-BC803B73C61A}") = "doc", "doc\", "{AB75CF01-6B54-4BB1-A14A-01A26727FEF2}"
	ProjectSection(WebsiteProperties) = preProject
		TargetFrameworkMoniker = ".NETFramework,Version%3Dv4.0"
		Debug.AspNetCompiler.VirtualPath = "/localhost_51071"
		Debug.AspNetCompiler.PhysicalPath = "doc\"
		Debug.AspNetCompiler.TargetPath = "PrecompiledWeb\localhost_51071\"
		Debug.AspNetCompiler.Updateable = "true"
		Debug.AspNetCompiler.ForceOverwrite = "true"
		Debug.AspNetCompiler.FixedNames = "false"
		Debug.AspNetCompiler.Debug = "True"
		Release.AspNetCompiler.VirtualPath = "/localhost_51071"
		Release.AspNetCompiler.PhysicalPath = "doc\"
		Release.AspNetCompiler.TargetPath = "PrecompiledWeb\localhost_51071\"
		Release.AspNetCompiler.Updateable = "true"
		Release.AspNetCompiler.ForceOverwrite = "true"
		Release.AspNetCompiler.FixedNames = "false"
		Release.AspNetCompiler.Debug = "False"
		VWDPort = "51071"
		SlnRelativePath = "doc\"
	EndProjectSection
EndProject
Project("{9A19103F-16F7-4668-BE54-9A1E7A4F7556}") = "GraphIoT.App", "src\GraphIoT.App\GraphIoT.App.csproj", "{957D571E-8C81-4E83-9AA6-4AB1948630AA}"
EndProject
Project("{9A19103F-16F7-4668-BE54-9A1E7A4F7556}") = "CompactTimeSeries.Tests", "test\CompactTimeSeries.Tests\CompactTimeSeries.Tests.csproj", "{1E81426A-B0AE-478A-8393-8F7F105DE13A}"
EndProject
Project("{9A19103F-16F7-4668-BE54-9A1E7A4F7556}") = "CompactTimeSeries", "src\CompactTimeSeries\CompactTimeSeries.csproj", "{82F35B1B-A22D-4DE5-9061-4447437E2C37}"
EndProject
Project("{9A19103F-16F7-4668-BE54-9A1E7A4F7556}") = "DigitalstromClient", "src\DigitalstromClient\DigitalstromClient.csproj", "{972E5075-0C6C-4221-BA2A-FEDE04EEE59B}"
EndProject
Project("{9A19103F-16F7-4668-BE54-9A1E7A4F7556}") = "DigitalstromClient.Tests", "test\DigitalstromClient.Tests\DigitalstromClient.Tests.csproj", "{DEC5ADC0-EF92-4DB2-A5AF-45A61A17D658}"
EndProject
Project("{9A19103F-16F7-4668-BE54-9A1E7A4F7556}") = "TokenStore", "src\TokenStore\TokenStore.csproj", "{23B1AD86-174D-47F7-BA28-26598CE76A7A}"
EndProject
Project("{9A19103F-16F7-4668-BE54-9A1E7A4F7556}") = "GraphIoT.Core", "src\GraphIoT.Core\GraphIoT.Core.csproj", "{F2FB1080-D7E7-4F7A-AFA8-61922BAC0637}"
EndProject
Project("{9A19103F-16F7-4668-BE54-9A1E7A4F7556}") = "GraphIoT.Digitalstrom", "src\GraphIoT.Digitalstrom\GraphIoT.Digitalstrom.csproj", "{048F4390-6981-49AA-AC7B-CFEEB8100B45}"
EndProject
Project("{9A19103F-16F7-4668-BE54-9A1E7A4F7556}") = "ViessmannClient", "src\ViessmannClient\ViessmannClient.csproj", "{22BF5CFE-BDF0-474E-935B-6E52D9670C0D}"
EndProject
Project("{9A19103F-16F7-4668-BE54-9A1E7A4F7556}") = "GraphIoT.Viessmann", "src\GraphIoT.Viessmann\GraphIoT.Viessmann.csproj", "{6478BBDD-6579-44D8-AED1-E3524743B4F5}"
EndProject
Project("{9A19103F-16F7-4668-BE54-9A1E7A4F7556}") = "DigitalstromTimeSeriesApi", "samples\DigitalstromTimeSeriesApi\DigitalstromTimeSeriesApi.csproj", "{93ABD061-9584-4B7B-B8FB-E1A9EAC40F7E}"
EndProject
Project("{9A19103F-16F7-4668-BE54-9A1E7A4F7556}") = "TokenStore.Tests", "test\TokenStore.Tests\TokenStore.Tests.csproj", "{E22B7F48-F3B0-4187-8C18-D5430DD2F413}"
EndProject
Project("{9A19103F-16F7-4668-BE54-9A1E7A4F7556}") = "GraphIoT.Core.Tests", "test\GraphIoT.Core.Tests\GraphIoT.Core.Tests.csproj", "{B13144EA-FE45-423E-960D-7E1F5BF12987}"
EndProject
Project("{9A19103F-16F7-4668-BE54-9A1E7A4F7556}") = "DigitalstromClientConsole", "samples\DigitalstromClientConsole\DigitalstromClientConsole.csproj", "{BA710090-A7D1-4DD8-8F9C-012B8F82EF4E}"
EndProject
Project("{9A19103F-16F7-4668-BE54-9A1E7A4F7556}") = "GraphIoT.Digitalstrom.Tests", "test\GraphIoT.Digitalstrom.Tests\GraphIoT.Digitalstrom.Tests.csproj", "{3079544A-CA40-4C79-96DE-A2766F12C305}"
EndProject
Project("{9A19103F-16F7-4668-BE54-9A1E7A4F7556}") = "DigitalstromDssMock", "test\DigitalstromDssMock\DigitalstromDssMock.csproj", "{D755D53F-1A2F-48CC-8F8D-421043BD42D4}"
EndProject
Project("{9A19103F-16F7-4668-BE54-9A1E7A4F7556}") = "DigitalstromTwin", "src\DigitalstromTwin\DigitalstromTwin.csproj", "{81C52A27-8199-4714-8313-224BB11FCF1A}"
EndProject
Project("{9A19103F-16F7-4668-BE54-9A1E7A4F7556}") = "DigitalstromTwin.Tests", "test\DigitalstromTwin.Tests\DigitalstromTwin.Tests.csproj", "{C643615D-AB84-454A-8A45-B08C6C4D40C8}"
EndProject
Project("{9A19103F-16F7-4668-BE54-9A1E7A4F7556}") = "SonnenClient", "src\SonnenClient\SonnenClient.csproj", "{B8E56034-B4F7-4FA9-B7A8-57746C360062}"
EndProject
Project("{9A19103F-16F7-4668-BE54-9A1E7A4F7556}") = "GraphIoT.Sonnen", "src\GraphIoT.Sonnen\GraphIoT.Sonnen.csproj", "{E38112F9-C396-414B-B3F6-E410DF9A837B}"
EndProject
Project("{9A19103F-16F7-4668-BE54-9A1E7A4F7556}") = "NetatmoClient", "src\NetatmoClient\NetatmoClient.csproj", "{1F91D208-69DC-4A92-8659-03EDACBBD678}"
EndProject
Project("{9A19103F-16F7-4668-BE54-9A1E7A4F7556}") = "GraphIoT.Netatmo", "src\GraphIoT.Netatmo\GraphIoT.Netatmo.csproj", "{71767AA1-A195-4371-A0B9-C7D461E8A3C0}"
EndProject
Project("{9A19103F-16F7-4668-BE54-9A1E7A4F7556}") = "GraphIoT.Grafana", "src\GraphIoT.Grafana\GraphIoT.Grafana.csproj", "{62F71E81-2A08-446F-B478-3820E9A74C2D}"
EndProject
Project("{9A19103F-16F7-4668-BE54-9A1E7A4F7556}") = "ViessmannClient.Tests", "test\ViessmannClient.Tests\ViessmannClient.Tests.csproj", "{75E81A46-EE5D-4DD1-98CE-5B23E03B2CA2}"
EndProject
Project("{9A19103F-16F7-4668-BE54-9A1E7A4F7556}") = "NetatmoClient.Tests", "test\NetatmoClient.Tests\NetatmoClient.Tests.csproj", "{C089044B-1A83-4215-A9E8-8BF7A4A37747}"
EndProject
Project("{9A19103F-16F7-4668-BE54-9A1E7A4F7556}") = "SonnenClient.Tests", "test\SonnenClient.Tests\SonnenClient.Tests.csproj", "{6973052F-3789-4869-B1E6-CEEBAF6B10ED}"
EndProject
Project("{9A19103F-16F7-4668-BE54-9A1E7A4F7556}") = "WeConnectClient", "src\WeConnectClient\WeConnectClient.csproj", "{879B0976-CE78-41B4-A740-A7369F819195}"
EndProject
Project("{FAE04EC0-301F-11D3-BF4B-00C04F79EFBC}") = "WeConnectClient.Tests", "test\WeConnectClient.Tests\WeConnectClient.Tests.csproj", "{DCB324DE-7791-4D94-80F4-B3EC82C71DF3}"
EndProject
Global
	GlobalSection(SolutionConfigurationPlatforms) = preSolution
		Debug|Any CPU = Debug|Any CPU
		Release|Any CPU = Release|Any CPU
	EndGlobalSection
	GlobalSection(ProjectConfigurationPlatforms) = postSolution
		{AB75CF01-6B54-4BB1-A14A-01A26727FEF2}.Debug|Any CPU.ActiveCfg = Debug|Any CPU
		{AB75CF01-6B54-4BB1-A14A-01A26727FEF2}.Release|Any CPU.ActiveCfg = Debug|Any CPU
		{957D571E-8C81-4E83-9AA6-4AB1948630AA}.Debug|Any CPU.ActiveCfg = Debug|Any CPU
		{957D571E-8C81-4E83-9AA6-4AB1948630AA}.Debug|Any CPU.Build.0 = Debug|Any CPU
		{957D571E-8C81-4E83-9AA6-4AB1948630AA}.Release|Any CPU.ActiveCfg = Release|Any CPU
		{957D571E-8C81-4E83-9AA6-4AB1948630AA}.Release|Any CPU.Build.0 = Release|Any CPU
		{1E81426A-B0AE-478A-8393-8F7F105DE13A}.Debug|Any CPU.ActiveCfg = Debug|Any CPU
		{1E81426A-B0AE-478A-8393-8F7F105DE13A}.Debug|Any CPU.Build.0 = Debug|Any CPU
		{1E81426A-B0AE-478A-8393-8F7F105DE13A}.Release|Any CPU.ActiveCfg = Release|Any CPU
		{1E81426A-B0AE-478A-8393-8F7F105DE13A}.Release|Any CPU.Build.0 = Release|Any CPU
		{82F35B1B-A22D-4DE5-9061-4447437E2C37}.Debug|Any CPU.ActiveCfg = Debug|Any CPU
		{82F35B1B-A22D-4DE5-9061-4447437E2C37}.Debug|Any CPU.Build.0 = Debug|Any CPU
		{82F35B1B-A22D-4DE5-9061-4447437E2C37}.Release|Any CPU.ActiveCfg = Release|Any CPU
		{82F35B1B-A22D-4DE5-9061-4447437E2C37}.Release|Any CPU.Build.0 = Release|Any CPU
		{972E5075-0C6C-4221-BA2A-FEDE04EEE59B}.Debug|Any CPU.ActiveCfg = Debug|Any CPU
		{972E5075-0C6C-4221-BA2A-FEDE04EEE59B}.Debug|Any CPU.Build.0 = Debug|Any CPU
		{972E5075-0C6C-4221-BA2A-FEDE04EEE59B}.Release|Any CPU.ActiveCfg = Release|Any CPU
		{972E5075-0C6C-4221-BA2A-FEDE04EEE59B}.Release|Any CPU.Build.0 = Release|Any CPU
		{DEC5ADC0-EF92-4DB2-A5AF-45A61A17D658}.Debug|Any CPU.ActiveCfg = Debug|Any CPU
		{DEC5ADC0-EF92-4DB2-A5AF-45A61A17D658}.Debug|Any CPU.Build.0 = Debug|Any CPU
		{DEC5ADC0-EF92-4DB2-A5AF-45A61A17D658}.Release|Any CPU.ActiveCfg = Release|Any CPU
		{DEC5ADC0-EF92-4DB2-A5AF-45A61A17D658}.Release|Any CPU.Build.0 = Release|Any CPU
		{23B1AD86-174D-47F7-BA28-26598CE76A7A}.Debug|Any CPU.ActiveCfg = Debug|Any CPU
		{23B1AD86-174D-47F7-BA28-26598CE76A7A}.Debug|Any CPU.Build.0 = Debug|Any CPU
		{23B1AD86-174D-47F7-BA28-26598CE76A7A}.Release|Any CPU.ActiveCfg = Release|Any CPU
		{23B1AD86-174D-47F7-BA28-26598CE76A7A}.Release|Any CPU.Build.0 = Release|Any CPU
		{F2FB1080-D7E7-4F7A-AFA8-61922BAC0637}.Debug|Any CPU.ActiveCfg = Debug|Any CPU
		{F2FB1080-D7E7-4F7A-AFA8-61922BAC0637}.Debug|Any CPU.Build.0 = Debug|Any CPU
		{F2FB1080-D7E7-4F7A-AFA8-61922BAC0637}.Release|Any CPU.ActiveCfg = Release|Any CPU
		{F2FB1080-D7E7-4F7A-AFA8-61922BAC0637}.Release|Any CPU.Build.0 = Release|Any CPU
		{048F4390-6981-49AA-AC7B-CFEEB8100B45}.Debug|Any CPU.ActiveCfg = Debug|Any CPU
		{048F4390-6981-49AA-AC7B-CFEEB8100B45}.Debug|Any CPU.Build.0 = Debug|Any CPU
		{048F4390-6981-49AA-AC7B-CFEEB8100B45}.Release|Any CPU.ActiveCfg = Release|Any CPU
		{048F4390-6981-49AA-AC7B-CFEEB8100B45}.Release|Any CPU.Build.0 = Release|Any CPU
		{22BF5CFE-BDF0-474E-935B-6E52D9670C0D}.Debug|Any CPU.ActiveCfg = Debug|Any CPU
		{22BF5CFE-BDF0-474E-935B-6E52D9670C0D}.Debug|Any CPU.Build.0 = Debug|Any CPU
		{22BF5CFE-BDF0-474E-935B-6E52D9670C0D}.Release|Any CPU.ActiveCfg = Release|Any CPU
		{22BF5CFE-BDF0-474E-935B-6E52D9670C0D}.Release|Any CPU.Build.0 = Release|Any CPU
		{6478BBDD-6579-44D8-AED1-E3524743B4F5}.Debug|Any CPU.ActiveCfg = Debug|Any CPU
		{6478BBDD-6579-44D8-AED1-E3524743B4F5}.Debug|Any CPU.Build.0 = Debug|Any CPU
		{6478BBDD-6579-44D8-AED1-E3524743B4F5}.Release|Any CPU.ActiveCfg = Release|Any CPU
		{6478BBDD-6579-44D8-AED1-E3524743B4F5}.Release|Any CPU.Build.0 = Release|Any CPU
		{93ABD061-9584-4B7B-B8FB-E1A9EAC40F7E}.Debug|Any CPU.ActiveCfg = Debug|Any CPU
		{93ABD061-9584-4B7B-B8FB-E1A9EAC40F7E}.Debug|Any CPU.Build.0 = Debug|Any CPU
		{93ABD061-9584-4B7B-B8FB-E1A9EAC40F7E}.Release|Any CPU.ActiveCfg = Release|Any CPU
		{93ABD061-9584-4B7B-B8FB-E1A9EAC40F7E}.Release|Any CPU.Build.0 = Release|Any CPU
		{E22B7F48-F3B0-4187-8C18-D5430DD2F413}.Debug|Any CPU.ActiveCfg = Debug|Any CPU
		{E22B7F48-F3B0-4187-8C18-D5430DD2F413}.Debug|Any CPU.Build.0 = Debug|Any CPU
		{E22B7F48-F3B0-4187-8C18-D5430DD2F413}.Release|Any CPU.ActiveCfg = Release|Any CPU
		{E22B7F48-F3B0-4187-8C18-D5430DD2F413}.Release|Any CPU.Build.0 = Release|Any CPU
		{B13144EA-FE45-423E-960D-7E1F5BF12987}.Debug|Any CPU.ActiveCfg = Debug|Any CPU
		{B13144EA-FE45-423E-960D-7E1F5BF12987}.Debug|Any CPU.Build.0 = Debug|Any CPU
		{B13144EA-FE45-423E-960D-7E1F5BF12987}.Release|Any CPU.ActiveCfg = Release|Any CPU
		{B13144EA-FE45-423E-960D-7E1F5BF12987}.Release|Any CPU.Build.0 = Release|Any CPU
		{BA710090-A7D1-4DD8-8F9C-012B8F82EF4E}.Debug|Any CPU.ActiveCfg = Debug|Any CPU
		{BA710090-A7D1-4DD8-8F9C-012B8F82EF4E}.Debug|Any CPU.Build.0 = Debug|Any CPU
		{BA710090-A7D1-4DD8-8F9C-012B8F82EF4E}.Release|Any CPU.ActiveCfg = Release|Any CPU
		{BA710090-A7D1-4DD8-8F9C-012B8F82EF4E}.Release|Any CPU.Build.0 = Release|Any CPU
		{3079544A-CA40-4C79-96DE-A2766F12C305}.Debug|Any CPU.ActiveCfg = Debug|Any CPU
		{3079544A-CA40-4C79-96DE-A2766F12C305}.Debug|Any CPU.Build.0 = Debug|Any CPU
		{3079544A-CA40-4C79-96DE-A2766F12C305}.Release|Any CPU.ActiveCfg = Release|Any CPU
		{3079544A-CA40-4C79-96DE-A2766F12C305}.Release|Any CPU.Build.0 = Release|Any CPU
		{D755D53F-1A2F-48CC-8F8D-421043BD42D4}.Debug|Any CPU.ActiveCfg = Debug|Any CPU
		{D755D53F-1A2F-48CC-8F8D-421043BD42D4}.Debug|Any CPU.Build.0 = Debug|Any CPU
		{D755D53F-1A2F-48CC-8F8D-421043BD42D4}.Release|Any CPU.ActiveCfg = Release|Any CPU
		{D755D53F-1A2F-48CC-8F8D-421043BD42D4}.Release|Any CPU.Build.0 = Release|Any CPU
		{81C52A27-8199-4714-8313-224BB11FCF1A}.Debug|Any CPU.ActiveCfg = Debug|Any CPU
		{81C52A27-8199-4714-8313-224BB11FCF1A}.Debug|Any CPU.Build.0 = Debug|Any CPU
		{81C52A27-8199-4714-8313-224BB11FCF1A}.Release|Any CPU.ActiveCfg = Release|Any CPU
		{81C52A27-8199-4714-8313-224BB11FCF1A}.Release|Any CPU.Build.0 = Release|Any CPU
		{C643615D-AB84-454A-8A45-B08C6C4D40C8}.Debug|Any CPU.ActiveCfg = Debug|Any CPU
		{C643615D-AB84-454A-8A45-B08C6C4D40C8}.Debug|Any CPU.Build.0 = Debug|Any CPU
		{C643615D-AB84-454A-8A45-B08C6C4D40C8}.Release|Any CPU.ActiveCfg = Release|Any CPU
		{C643615D-AB84-454A-8A45-B08C6C4D40C8}.Release|Any CPU.Build.0 = Release|Any CPU
		{B8E56034-B4F7-4FA9-B7A8-57746C360062}.Debug|Any CPU.ActiveCfg = Debug|Any CPU
		{B8E56034-B4F7-4FA9-B7A8-57746C360062}.Debug|Any CPU.Build.0 = Debug|Any CPU
		{B8E56034-B4F7-4FA9-B7A8-57746C360062}.Release|Any CPU.ActiveCfg = Release|Any CPU
		{B8E56034-B4F7-4FA9-B7A8-57746C360062}.Release|Any CPU.Build.0 = Release|Any CPU
		{E38112F9-C396-414B-B3F6-E410DF9A837B}.Debug|Any CPU.ActiveCfg = Debug|Any CPU
		{E38112F9-C396-414B-B3F6-E410DF9A837B}.Debug|Any CPU.Build.0 = Debug|Any CPU
		{E38112F9-C396-414B-B3F6-E410DF9A837B}.Release|Any CPU.ActiveCfg = Release|Any CPU
		{E38112F9-C396-414B-B3F6-E410DF9A837B}.Release|Any CPU.Build.0 = Release|Any CPU
		{1F91D208-69DC-4A92-8659-03EDACBBD678}.Debug|Any CPU.ActiveCfg = Debug|Any CPU
		{1F91D208-69DC-4A92-8659-03EDACBBD678}.Debug|Any CPU.Build.0 = Debug|Any CPU
		{1F91D208-69DC-4A92-8659-03EDACBBD678}.Release|Any CPU.ActiveCfg = Release|Any CPU
		{1F91D208-69DC-4A92-8659-03EDACBBD678}.Release|Any CPU.Build.0 = Release|Any CPU
		{71767AA1-A195-4371-A0B9-C7D461E8A3C0}.Debug|Any CPU.ActiveCfg = Debug|Any CPU
		{71767AA1-A195-4371-A0B9-C7D461E8A3C0}.Debug|Any CPU.Build.0 = Debug|Any CPU
		{71767AA1-A195-4371-A0B9-C7D461E8A3C0}.Release|Any CPU.ActiveCfg = Release|Any CPU
		{71767AA1-A195-4371-A0B9-C7D461E8A3C0}.Release|Any CPU.Build.0 = Release|Any CPU
		{62F71E81-2A08-446F-B478-3820E9A74C2D}.Debug|Any CPU.ActiveCfg = Debug|Any CPU
		{62F71E81-2A08-446F-B478-3820E9A74C2D}.Debug|Any CPU.Build.0 = Debug|Any CPU
		{62F71E81-2A08-446F-B478-3820E9A74C2D}.Release|Any CPU.ActiveCfg = Release|Any CPU
		{62F71E81-2A08-446F-B478-3820E9A74C2D}.Release|Any CPU.Build.0 = Release|Any CPU
		{75E81A46-EE5D-4DD1-98CE-5B23E03B2CA2}.Debug|Any CPU.ActiveCfg = Debug|Any CPU
		{75E81A46-EE5D-4DD1-98CE-5B23E03B2CA2}.Debug|Any CPU.Build.0 = Debug|Any CPU
		{75E81A46-EE5D-4DD1-98CE-5B23E03B2CA2}.Release|Any CPU.ActiveCfg = Release|Any CPU
		{75E81A46-EE5D-4DD1-98CE-5B23E03B2CA2}.Release|Any CPU.Build.0 = Release|Any CPU
		{C089044B-1A83-4215-A9E8-8BF7A4A37747}.Debug|Any CPU.ActiveCfg = Debug|Any CPU
		{C089044B-1A83-4215-A9E8-8BF7A4A37747}.Debug|Any CPU.Build.0 = Debug|Any CPU
		{C089044B-1A83-4215-A9E8-8BF7A4A37747}.Release|Any CPU.ActiveCfg = Release|Any CPU
		{C089044B-1A83-4215-A9E8-8BF7A4A37747}.Release|Any CPU.Build.0 = Release|Any CPU
		{6973052F-3789-4869-B1E6-CEEBAF6B10ED}.Debug|Any CPU.ActiveCfg = Debug|Any CPU
		{6973052F-3789-4869-B1E6-CEEBAF6B10ED}.Debug|Any CPU.Build.0 = Debug|Any CPU
		{6973052F-3789-4869-B1E6-CEEBAF6B10ED}.Release|Any CPU.ActiveCfg = Release|Any CPU
		{6973052F-3789-4869-B1E6-CEEBAF6B10ED}.Release|Any CPU.Build.0 = Release|Any CPU
		{879B0976-CE78-41B4-A740-A7369F819195}.Debug|Any CPU.ActiveCfg = Debug|Any CPU
		{879B0976-CE78-41B4-A740-A7369F819195}.Debug|Any CPU.Build.0 = Debug|Any CPU
		{879B0976-CE78-41B4-A740-A7369F819195}.Release|Any CPU.ActiveCfg = Release|Any CPU
		{879B0976-CE78-41B4-A740-A7369F819195}.Release|Any CPU.Build.0 = Release|Any CPU
		{DCB324DE-7791-4D94-80F4-B3EC82C71DF3}.Debug|Any CPU.ActiveCfg = Debug|Any CPU
		{DCB324DE-7791-4D94-80F4-B3EC82C71DF3}.Debug|Any CPU.Build.0 = Debug|Any CPU
		{DCB324DE-7791-4D94-80F4-B3EC82C71DF3}.Release|Any CPU.ActiveCfg = Release|Any CPU
		{DCB324DE-7791-4D94-80F4-B3EC82C71DF3}.Release|Any CPU.Build.0 = Release|Any CPU
	EndGlobalSection
	GlobalSection(SolutionProperties) = preSolution
		HideSolutionNode = FALSE
	EndGlobalSection
	GlobalSection(NestedProjects) = preSolution
		{AB75CF01-6B54-4BB1-A14A-01A26727FEF2} = {13E7D5AF-A3B6-4092-B26E-9E99F0A8AE64}
		{957D571E-8C81-4E83-9AA6-4AB1948630AA} = {65C89DCA-5096-479C-82F3-F33BF729FDE5}
		{1E81426A-B0AE-478A-8393-8F7F105DE13A} = {C7CE2B7C-9302-4960-88B2-8EB380247CB8}
		{82F35B1B-A22D-4DE5-9061-4447437E2C37} = {C7CE2B7C-9302-4960-88B2-8EB380247CB8}
		{972E5075-0C6C-4221-BA2A-FEDE04EEE59B} = {BACF690E-BFC9-4008-9831-FFBA91968BB9}
		{DEC5ADC0-EF92-4DB2-A5AF-45A61A17D658} = {BACF690E-BFC9-4008-9831-FFBA91968BB9}
		{23B1AD86-174D-47F7-BA28-26598CE76A7A} = {C7CE2B7C-9302-4960-88B2-8EB380247CB8}
		{F2FB1080-D7E7-4F7A-AFA8-61922BAC0637} = {C7CE2B7C-9302-4960-88B2-8EB380247CB8}
		{048F4390-6981-49AA-AC7B-CFEEB8100B45} = {BACF690E-BFC9-4008-9831-FFBA91968BB9}
		{22BF5CFE-BDF0-474E-935B-6E52D9670C0D} = {BACF690E-BFC9-4008-9831-FFBA91968BB9}
		{6478BBDD-6579-44D8-AED1-E3524743B4F5} = {BACF690E-BFC9-4008-9831-FFBA91968BB9}
		{93ABD061-9584-4B7B-B8FB-E1A9EAC40F7E} = {C3157849-77E5-4E59-9F7F-2AAF51AF4675}
		{E22B7F48-F3B0-4187-8C18-D5430DD2F413} = {C7CE2B7C-9302-4960-88B2-8EB380247CB8}
		{B13144EA-FE45-423E-960D-7E1F5BF12987} = {C7CE2B7C-9302-4960-88B2-8EB380247CB8}
		{BA710090-A7D1-4DD8-8F9C-012B8F82EF4E} = {C3157849-77E5-4E59-9F7F-2AAF51AF4675}
		{3079544A-CA40-4C79-96DE-A2766F12C305} = {BACF690E-BFC9-4008-9831-FFBA91968BB9}
		{D755D53F-1A2F-48CC-8F8D-421043BD42D4} = {BACF690E-BFC9-4008-9831-FFBA91968BB9}
		{81C52A27-8199-4714-8313-224BB11FCF1A} = {BACF690E-BFC9-4008-9831-FFBA91968BB9}
		{C643615D-AB84-454A-8A45-B08C6C4D40C8} = {BACF690E-BFC9-4008-9831-FFBA91968BB9}
		{B8E56034-B4F7-4FA9-B7A8-57746C360062} = {BACF690E-BFC9-4008-9831-FFBA91968BB9}
		{E38112F9-C396-414B-B3F6-E410DF9A837B} = {BACF690E-BFC9-4008-9831-FFBA91968BB9}
		{1F91D208-69DC-4A92-8659-03EDACBBD678} = {BACF690E-BFC9-4008-9831-FFBA91968BB9}
		{71767AA1-A195-4371-A0B9-C7D461E8A3C0} = {BACF690E-BFC9-4008-9831-FFBA91968BB9}
		{62F71E81-2A08-446F-B478-3820E9A74C2D} = {BACF690E-BFC9-4008-9831-FFBA91968BB9}
		{75E81A46-EE5D-4DD1-98CE-5B23E03B2CA2} = {BACF690E-BFC9-4008-9831-FFBA91968BB9}
		{C089044B-1A83-4215-A9E8-8BF7A4A37747} = {BACF690E-BFC9-4008-9831-FFBA91968BB9}
		{6973052F-3789-4869-B1E6-CEEBAF6B10ED} = {BACF690E-BFC9-4008-9831-FFBA91968BB9}
		{879B0976-CE78-41B4-A740-A7369F819195} = {BACF690E-BFC9-4008-9831-FFBA91968BB9}
		{DCB324DE-7791-4D94-80F4-B3EC82C71DF3} = {BACF690E-BFC9-4008-9831-FFBA91968BB9}
	EndGlobalSection
	GlobalSection(ExtensibilityGlobals) = postSolution
		SolutionGuid = {CE7F4465-E461-40BE-AFCE-AF6E36AFBF5F}
	EndGlobalSection
EndGlobal
